
Microsoft Visual Studio Solution File, Format Version 12.00
# Visual Studio Version 16
VisualStudioVersion = 16.0.30011.22
MinimumVisualStudioVersion = 10.0.40219.1
Project("{FAE04EC0-301F-11D3-BF4B-00C04F79EFBC}") = "SalesWebMVC", "SalesWebMVC\SalesWebMVC.csproj", "{673EA2C8-9F6C-483C-A58C-2DF43A447831}"
EndProject
Global
	GlobalSection(SolutionConfigurationPlatforms) = preSolution
		Debug|Any CPU = Debug|Any CPU
		Release|Any CPU = Release|Any CPU
	EndGlobalSection
	GlobalSection(ProjectConfigurationPlatforms) = postSolution
		{673EA2C8-9F6C-483C-A58C-2DF43A447831}.Debug|Any CPU.ActiveCfg = Debug|Any CPU
		{673EA2C8-9F6C-483C-A58C-2DF43A447831}.Debug|Any CPU.Build.0 = Debug|Any CPU
		{673EA2C8-9F6C-483C-A58C-2DF43A447831}.Release|Any CPU.ActiveCfg = Release|Any CPU
		{673EA2C8-9F6C-483C-A58C-2DF43A447831}.Release|Any CPU.Build.0 = Release|Any CPU
	EndGlobalSection
	GlobalSection(SolutionProperties) = preSolution
		HideSolutionNode = FALSE
	EndGlobalSection
	GlobalSection(ExtensibilityGlobals) = postSolution
		SolutionGuid = {C2ADDE06-53AE-4D7E-BF03-7A58BE33F91C}
	EndGlobalSection
EndGlobal
